
Microsoft Visual Studio Solution File, Format Version 12.00
# Visual Studio Version 17
VisualStudioVersion = 17.14.36414.22
MinimumVisualStudioVersion = 10.0.40219.1
Project("{FAE04EC0-301F-11D3-BF4B-00C04F79EFBC}") = "IdentityService.Api", "src\IdentityService.Api\IdentityService.Api.csproj", "{742092CD-D009-442B-B05C-983FA93B6458}"
EndProject
Project("{FAE04EC0-301F-11D3-BF4B-00C04F79EFBC}") = "Infrastructure.Defaults", "src\Infrastructure.Defaults\Infrastructure.Defaults.csproj", "{F83E4078-3A45-CF77-39BE-D1AFB4D3EC10}"
EndProject
Project("{FAE04EC0-301F-11D3-BF4B-00C04F79EFBC}") = "Services.Defaults", "src\Services.Defaults\Services.Defaults.csproj", "{B41E0FA3-39CA-84A8-6490-4839F3940B9B}"
EndProject
Project("{FAE04EC0-301F-11D3-BF4B-00C04F79EFBC}") = "CatalogService.Api", "src\CatalogService.Api\CatalogService.Api.csproj", "{364D2ACF-C3B0-49E2-816D-29AE85D88FA6}"
EndProject
Project("{2150E333-8FDC-42A3-9474-1A3956D46DE8}") = "Shared", "Shared", "{02EA681E-C7D8-13C7-8484-4AC65E1B71E8}"
EndProject
Project("{2150E333-8FDC-42A3-9474-1A3956D46DE8}") = "Local", "Local", "{8EC462FD-D22E-90A8-E5CE-7E832BA40C5D}"
	ProjectSection(SolutionItems) = preProject
		docker\docker-compose.yml = docker\docker-compose.yml
	EndProjectSection
EndProject
Project("{2150E333-8FDC-42A3-9474-1A3956D46DE8}") = "Infrastructure", "Infrastructure", "{877E126C-3B5D-4504-82A0-A9A9244F22E6}"
EndProject
Project("{2150E333-8FDC-42A3-9474-1A3956D46DE8}") = "K8s", "K8s", "{F484694C-EB0E-4FBF-941F-D04A9BAD05F1}"
EndProject
Global
	GlobalSection(SolutionConfigurationPlatforms) = preSolution
		Debug|Any CPU = Debug|Any CPU
		Release|Any CPU = Release|Any CPU
	EndGlobalSection
	GlobalSection(ProjectConfigurationPlatforms) = postSolution
		{742092CD-D009-442B-B05C-983FA93B6458}.Debug|Any CPU.ActiveCfg = Debug|Any CPU
		{742092CD-D009-442B-B05C-983FA93B6458}.Debug|Any CPU.Build.0 = Debug|Any CPU
		{742092CD-D009-442B-B05C-983FA93B6458}.Release|Any CPU.ActiveCfg = Release|Any CPU
		{742092CD-D009-442B-B05C-983FA93B6458}.Release|Any CPU.Build.0 = Release|Any CPU
		{F83E4078-3A45-CF77-39BE-D1AFB4D3EC10}.Debug|Any CPU.ActiveCfg = Debug|Any CPU
		{F83E4078-3A45-CF77-39BE-D1AFB4D3EC10}.Debug|Any CPU.Build.0 = Debug|Any CPU
		{F83E4078-3A45-CF77-39BE-D1AFB4D3EC10}.Release|Any CPU.ActiveCfg = Release|Any CPU
		{F83E4078-3A45-CF77-39BE-D1AFB4D3EC10}.Release|Any CPU.Build.0 = Release|Any CPU
		{B41E0FA3-39CA-84A8-6490-4839F3940B9B}.Debug|Any CPU.ActiveCfg = Debug|Any CPU
		{B41E0FA3-39CA-84A8-6490-4839F3940B9B}.Debug|Any CPU.Build.0 = Debug|Any CPU
		{B41E0FA3-39CA-84A8-6490-4839F3940B9B}.Release|Any CPU.ActiveCfg = Release|Any CPU
		{B41E0FA3-39CA-84A8-6490-4839F3940B9B}.Release|Any CPU.Build.0 = Release|Any CPU
		{364D2ACF-C3B0-49E2-816D-29AE85D88FA6}.Debug|Any CPU.ActiveCfg = Debug|Any CPU
		{364D2ACF-C3B0-49E2-816D-29AE85D88FA6}.Debug|Any CPU.Build.0 = Debug|Any CPU
		{364D2ACF-C3B0-49E2-816D-29AE85D88FA6}.Release|Any CPU.ActiveCfg = Release|Any CPU
		{364D2ACF-C3B0-49E2-816D-29AE85D88FA6}.Release|Any CPU.Build.0 = Release|Any CPU
	EndGlobalSection
	GlobalSection(SolutionProperties) = preSolution
		HideSolutionNode = FALSE
	EndGlobalSection
	GlobalSection(NestedProjects) = preSolution
		{F83E4078-3A45-CF77-39BE-D1AFB4D3EC10} = {02EA681E-C7D8-13C7-8484-4AC65E1B71E8}
		{B41E0FA3-39CA-84A8-6490-4839F3940B9B} = {02EA681E-C7D8-13C7-8484-4AC65E1B71E8}
		{8EC462FD-D22E-90A8-E5CE-7E832BA40C5D} = {877E126C-3B5D-4504-82A0-A9A9244F22E6}
		{F484694C-EB0E-4FBF-941F-D04A9BAD05F1} = {877E126C-3B5D-4504-82A0-A9A9244F22E6}
	EndGlobalSection
	GlobalSection(ExtensibilityGlobals) = postSolution
		SolutionGuid = {7D45ACA1-315C-4FC1-89DB-5164EDED487A}
	EndGlobalSection
EndGlobal
